
Microsoft Visual Studio Solution File, Format Version 12.00
# Visual Studio Version 17
VisualStudioVersion = 17.8.34525.116
MinimumVisualStudioVersion = 10.0.40219.1
Project("{9A19103F-16F7-4668-BE54-9A1E7A4F7556}") = "StoreNET6", "StoreNET6\StoreNET6.csproj", "{916E0D53-FFAB-4849-8C1C-F7BCD28128D2}"
EndProject
Project("{9A19103F-16F7-4668-BE54-9A1E7A4F7556}") = "Cliente", "..\..\..\Desktop\Educacion IT\Web Api\Descargas\Clase3\StoreWebApi\StoreWebApi\StoreWebApi\Cliente\Cliente.csproj", "{9DD7257F-B6D9-4999-BFC1-2CA5CF6D3644}"
EndProject
Global
	GlobalSection(SolutionConfigurationPlatforms) = preSolution
		Debug|Any CPU = Debug|Any CPU
		Release|Any CPU = Release|Any CPU
	EndGlobalSection
	GlobalSection(ProjectConfigurationPlatforms) = postSolution
		{916E0D53-FFAB-4849-8C1C-F7BCD28128D2}.Debug|Any CPU.ActiveCfg = Debug|Any CPU
		{916E0D53-FFAB-4849-8C1C-F7BCD28128D2}.Debug|Any CPU.Build.0 = Debug|Any CPU
		{916E0D53-FFAB-4849-8C1C-F7BCD28128D2}.Release|Any CPU.ActiveCfg = Release|Any CPU
		{916E0D53-FFAB-4849-8C1C-F7BCD28128D2}.Release|Any CPU.Build.0 = Release|Any CPU
		{9DD7257F-B6D9-4999-BFC1-2CA5CF6D3644}.Debug|Any CPU.ActiveCfg = Debug|Any CPU
		{9DD7257F-B6D9-4999-BFC1-2CA5CF6D3644}.Debug|Any CPU.Build.0 = Debug|Any CPU
		{9DD7257F-B6D9-4999-BFC1-2CA5CF6D3644}.Release|Any CPU.ActiveCfg = Release|Any CPU
		{9DD7257F-B6D9-4999-BFC1-2CA5CF6D3644}.Release|Any CPU.Build.0 = Release|Any CPU
	EndGlobalSection
	GlobalSection(SolutionProperties) = preSolution
		HideSolutionNode = FALSE
	EndGlobalSection
	GlobalSection(ExtensibilityGlobals) = postSolution
		SolutionGuid = {B8614FB7-84ED-4DCA-9E05-2E51B7AB2BD5}
	EndGlobalSection
EndGlobal
